
Microsoft Visual Studio Solution File, Format Version 12.00
# Visual Studio Version 17
VisualStudioVersion = 17.7.34031.279
MinimumVisualStudioVersion = 10.0.40219.1
Project("{2150E333-8FDC-42A3-9474-1A3956D46DE8}") = "src", "src", "{F6160743-00B0-48B4-B22F-E25249FD21A2}"
EndProject
Project("{2150E333-8FDC-42A3-9474-1A3956D46DE8}") = "Core", "Core", "{30289891-CAAA-4284-BFD0-A773D4AB3DCC}"
EndProject
Project("{2150E333-8FDC-42A3-9474-1A3956D46DE8}") = "Infrastructure", "Infrastructure", "{B5FA6005-CD06-4C56-BE42-F53ED3A06FC3}"
EndProject
Project("{2150E333-8FDC-42A3-9474-1A3956D46DE8}") = "Application", "Application", "{F11536B0-BE69-456C-8914-F68B7C0C46CC}"
EndProject
Project("{2150E333-8FDC-42A3-9474-1A3956D46DE8}") = "Domain", "Domain", "{88EBF45D-55C0-4CBC-ACDF-2F770DFB67BB}"
EndProject
Project("{9A19103F-16F7-4668-BE54-9A1E7A4F7556}") = "ECommerceApp.Domain", "ECommerceApp.Domain\ECommerceApp.Domain.csproj", "{DD65731C-6570-40E2-A5C5-001B26C3B994}"
EndProject
Project("{9A19103F-16F7-4668-BE54-9A1E7A4F7556}") = "ECommerceApp.Application", "ECommerceApp.Application\ECommerceApp.Application.csproj", "{9123801E-C61C-4678-9FA6-CB147FDBB99B}"
EndProject
Project("{9A19103F-16F7-4668-BE54-9A1E7A4F7556}") = "Infrastructure", "Infrastructure\Infrastructure.csproj", "{3402235D-0DFB-4333-9727-F0BD51FBACBE}"
EndProject
Project("{2150E333-8FDC-42A3-9474-1A3956D46DE8}") = "Api", "Api", "{1127BBA6-4183-495C-BC3F-DB9C4038E615}"
EndProject
Project("{9A19103F-16F7-4668-BE54-9A1E7A4F7556}") = "ECommerceAppAPI", "ECommerceAppAPI\ECommerceAppAPI.csproj", "{4349FE44-AAFD-4795-BA7A-C8C3601C6859}"
EndProject
Project("{FAE04EC0-301F-11D3-BF4B-00C04F79EFBC}") = "Identity", "Identity\Identity.csproj", "{2C49BAB7-389A-4EB9-8696-4D61ADA2238E}"
EndProject
Global
	GlobalSection(SolutionConfigurationPlatforms) = preSolution
		Debug|Any CPU = Debug|Any CPU
		Release|Any CPU = Release|Any CPU
	EndGlobalSection
	GlobalSection(ProjectConfigurationPlatforms) = postSolution
		{DD65731C-6570-40E2-A5C5-001B26C3B994}.Debug|Any CPU.ActiveCfg = Debug|Any CPU
		{DD65731C-6570-40E2-A5C5-001B26C3B994}.Debug|Any CPU.Build.0 = Debug|Any CPU
		{DD65731C-6570-40E2-A5C5-001B26C3B994}.Release|Any CPU.ActiveCfg = Release|Any CPU
		{DD65731C-6570-40E2-A5C5-001B26C3B994}.Release|Any CPU.Build.0 = Release|Any CPU
		{9123801E-C61C-4678-9FA6-CB147FDBB99B}.Debug|Any CPU.ActiveCfg = Debug|Any CPU
		{9123801E-C61C-4678-9FA6-CB147FDBB99B}.Debug|Any CPU.Build.0 = Debug|Any CPU
		{9123801E-C61C-4678-9FA6-CB147FDBB99B}.Release|Any CPU.ActiveCfg = Release|Any CPU
		{9123801E-C61C-4678-9FA6-CB147FDBB99B}.Release|Any CPU.Build.0 = Release|Any CPU
		{3402235D-0DFB-4333-9727-F0BD51FBACBE}.Debug|Any CPU.ActiveCfg = Debug|Any CPU
		{3402235D-0DFB-4333-9727-F0BD51FBACBE}.Debug|Any CPU.Build.0 = Debug|Any CPU
		{3402235D-0DFB-4333-9727-F0BD51FBACBE}.Release|Any CPU.ActiveCfg = Release|Any CPU
		{3402235D-0DFB-4333-9727-F0BD51FBACBE}.Release|Any CPU.Build.0 = Release|Any CPU
		{4349FE44-AAFD-4795-BA7A-C8C3601C6859}.Debug|Any CPU.ActiveCfg = Debug|Any CPU
		{4349FE44-AAFD-4795-BA7A-C8C3601C6859}.Debug|Any CPU.Build.0 = Debug|Any CPU
		{4349FE44-AAFD-4795-BA7A-C8C3601C6859}.Release|Any CPU.ActiveCfg = Release|Any CPU
		{4349FE44-AAFD-4795-BA7A-C8C3601C6859}.Release|Any CPU.Build.0 = Release|Any CPU
		{2C49BAB7-389A-4EB9-8696-4D61ADA2238E}.Debug|Any CPU.ActiveCfg = Debug|Any CPU
		{2C49BAB7-389A-4EB9-8696-4D61ADA2238E}.Debug|Any CPU.Build.0 = Debug|Any CPU
		{2C49BAB7-389A-4EB9-8696-4D61ADA2238E}.Release|Any CPU.ActiveCfg = Release|Any CPU
		{2C49BAB7-389A-4EB9-8696-4D61ADA2238E}.Release|Any CPU.Build.0 = Release|Any CPU
	EndGlobalSection
	GlobalSection(SolutionProperties) = preSolution
		HideSolutionNode = FALSE
	EndGlobalSection
	GlobalSection(NestedProjects) = preSolution
		{30289891-CAAA-4284-BFD0-A773D4AB3DCC} = {F6160743-00B0-48B4-B22F-E25249FD21A2}
		{B5FA6005-CD06-4C56-BE42-F53ED3A06FC3} = {F6160743-00B0-48B4-B22F-E25249FD21A2}
		{F11536B0-BE69-456C-8914-F68B7C0C46CC} = {30289891-CAAA-4284-BFD0-A773D4AB3DCC}
		{88EBF45D-55C0-4CBC-ACDF-2F770DFB67BB} = {30289891-CAAA-4284-BFD0-A773D4AB3DCC}
		{DD65731C-6570-40E2-A5C5-001B26C3B994} = {88EBF45D-55C0-4CBC-ACDF-2F770DFB67BB}
		{9123801E-C61C-4678-9FA6-CB147FDBB99B} = {F11536B0-BE69-456C-8914-F68B7C0C46CC}
		{3402235D-0DFB-4333-9727-F0BD51FBACBE} = {B5FA6005-CD06-4C56-BE42-F53ED3A06FC3}
		{1127BBA6-4183-495C-BC3F-DB9C4038E615} = {F6160743-00B0-48B4-B22F-E25249FD21A2}
		{4349FE44-AAFD-4795-BA7A-C8C3601C6859} = {1127BBA6-4183-495C-BC3F-DB9C4038E615}
		{2C49BAB7-389A-4EB9-8696-4D61ADA2238E} = {B5FA6005-CD06-4C56-BE42-F53ED3A06FC3}
	EndGlobalSection
	GlobalSection(ExtensibilityGlobals) = postSolution
		SolutionGuid = {C4D0CE76-6AC4-4657-B6B3-4C537F30D337}
	EndGlobalSection
EndGlobal
